
Microsoft Visual Studio Solution File, Format Version 12.00
# Visual Studio Version 16
VisualStudioVersion = 25.0.1706.7
MinimumVisualStudioVersion = 10.0.40219.1
Project("{FAE04EC0-301F-11D3-BF4B-00C04F79EFBC}") = "Auction_Marketplace.Data", "Auction_Marketplace.Data.csproj", "{3554B357-31BE-49C1-95BD-F903D1CD98D3}"
EndProject
Global
	GlobalSection(SolutionConfigurationPlatforms) = preSolution
		Debug|Any CPU = Debug|Any CPU
		Release|Any CPU = Release|Any CPU
	EndGlobalSection
	GlobalSection(ProjectConfigurationPlatforms) = postSolution
		{3554B357-31BE-49C1-95BD-F903D1CD98D3}.Debug|Any CPU.ActiveCfg = Debug|Any CPU
		{3554B357-31BE-49C1-95BD-F903D1CD98D3}.Debug|Any CPU.Build.0 = Debug|Any CPU
		{3554B357-31BE-49C1-95BD-F903D1CD98D3}.Release|Any CPU.ActiveCfg = Release|Any CPU
		{3554B357-31BE-49C1-95BD-F903D1CD98D3}.Release|Any CPU.Build.0 = Release|Any CPU
	EndGlobalSection
	GlobalSection(SolutionProperties) = preSolution
		HideSolutionNode = FALSE
	EndGlobalSection
	GlobalSection(ExtensibilityGlobals) = postSolution
		SolutionGuid = {7A91774E-E268-47F1-8B43-B13DE5D7CB76}
	EndGlobalSection
EndGlobal
